// !$*UTF8*$!
{
	archiveVersion = 1;
	classes = {
	};
	objectVersion = 46;
	objects = {

/* Begin PBXBuildFile section */
		57130C9C1B1E87BC0047AF45 /* Globals.swift in Sources */ = {isa = PBXBuildFile; fileRef = 57130C961B1E87BC0047AF45 /* Globals.swift */; };
		57130C9D1B1E87BC0047AF45 /* ObserverSet.swift in Sources */ = {isa = PBXBuildFile; fileRef = 57130C971B1E87BC0047AF45 /* ObserverSet.swift */; };
		57130C9E1B1E87BC0047AF45 /* Protocols.swift in Sources */ = {isa = PBXBuildFile; fileRef = 57130C981B1E87BC0047AF45 /* Protocols.swift */; };
		57130C9F1B1E87BC0047AF45 /* Send.swift in Sources */ = {isa = PBXBuildFile; fileRef = 57130C991B1E87BC0047AF45 /* Send.swift */; };
		57130CA01B1E87BC0047AF45 /* Time.swift in Sources */ = {isa = PBXBuildFile; fileRef = 57130C9A1B1E87BC0047AF45 /* Time.swift */; };
		57130CA71B1E87DA0047AF45 /* Accumulate.swift in Sources */ = {isa = PBXBuildFile; fileRef = 57130CA11B1E87DA0047AF45 /* Accumulate.swift */; };
		57130CA81B1E87DA0047AF45 /* Input.swift in Sources */ = {isa = PBXBuildFile; fileRef = 57130CA21B1E87DA0047AF45 /* Input.swift */; };
		57130CA91B1E87DA0047AF45 /* Lift.swift in Sources */ = {isa = PBXBuildFile; fileRef = 57130CA31B1E87DA0047AF45 /* Lift.swift */; };
		57130CAA1B1E87DA0047AF45 /* Merge.swift in Sources */ = {isa = PBXBuildFile; fileRef = 57130CA41B1E87DA0047AF45 /* Merge.swift */; };
		57130CAB1B1E87DA0047AF45 /* Output.swift in Sources */ = {isa = PBXBuildFile; fileRef = 57130CA51B1E87DA0047AF45 /* Output.swift */; };
		57130CAC1B1E87DA0047AF45 /* Snapshot.swift in Sources */ = {isa = PBXBuildFile; fileRef = 57130CA61B1E87DA0047AF45 /* Snapshot.swift */; };
		57130CAE1B1E8C920047AF45 /* Direct.swift in Sources */ = {isa = PBXBuildFile; fileRef = 57130CAD1B1E8C920047AF45 /* Direct.swift */; };
		57E9469B1B145D8E00B536BA /* Event.swift in Sources */ = {isa = PBXBuildFile; fileRef = 57E9469A1B145D8E00B536BA /* Event.swift */; };
		8BB3E6D01AD6232A00E90CFF /* SimpleSwiftFRP.h in Headers */ = {isa = PBXBuildFile; fileRef = 8BB3E6CF1AD6232A00E90CFF /* SimpleSwiftFRP.h */; settings = {ATTRIBUTES = (Public, ); }; };
		8BB3E6D61AD6232B00E90CFF /* SimpleSwiftFRP.framework in Frameworks */ = {isa = PBXBuildFile; fileRef = 8BB3E6CA1AD6232A00E90CFF /* SimpleSwiftFRP.framework */; };
		8BB3E6DD1AD6232B00E90CFF /* SimpleSwiftFRPTests.swift in Sources */ = {isa = PBXBuildFile; fileRef = 8BB3E6DC1AD6232B00E90CFF /* SimpleSwiftFRPTests.swift */; };
		8BB3E6EF1AD6237300E90CFF /* Behavior.swift in Sources */ = {isa = PBXBuildFile; fileRef = 8BB3E6E61AD6237300E90CFF /* Behavior.swift */; };
		8BB3E6F31AD6237300E90CFF /* Outlet.swift in Sources */ = {isa = PBXBuildFile; fileRef = 8BB3E6EA1AD6237300E90CFF /* Outlet.swift */; };
		8BB3E6F61AD6237300E90CFF /* Source.swift in Sources */ = {isa = PBXBuildFile; fileRef = 8BB3E6ED1AD6237300E90CFF /* Source.swift */; };
/* End PBXBuildFile section */

/* Begin PBXContainerItemProxy section */
		8BB3E6D71AD6232B00E90CFF /* PBXContainerItemProxy */ = {
			isa = PBXContainerItemProxy;
			containerPortal = 8BB3E6C11AD6232A00E90CFF /* Project object */;
			proxyType = 1;
			remoteGlobalIDString = 8BB3E6C91AD6232A00E90CFF;
			remoteInfo = SimpleSwiftFRP;
		};
/* End PBXContainerItemProxy section */

/* Begin PBXFileReference section */
		57130C961B1E87BC0047AF45 /* Globals.swift */ = {isa = PBXFileReference; fileEncoding = 4; lastKnownFileType = sourcecode.swift; name = Globals.swift; path = Utilities/Globals.swift; sourceTree = "<group>"; };
		57130C971B1E87BC0047AF45 /* ObserverSet.swift */ = {isa = PBXFileReference; fileEncoding = 4; lastKnownFileType = sourcecode.swift; name = ObserverSet.swift; path = Utilities/ObserverSet.swift; sourceTree = "<group>"; };
		57130C981B1E87BC0047AF45 /* Protocols.swift */ = {isa = PBXFileReference; fileEncoding = 4; lastKnownFileType = sourcecode.swift; name = Protocols.swift; path = Utilities/Protocols.swift; sourceTree = "<group>"; };
		57130C991B1E87BC0047AF45 /* Send.swift */ = {isa = PBXFileReference; fileEncoding = 4; lastKnownFileType = sourcecode.swift; name = Send.swift; path = Utilities/Send.swift; sourceTree = "<group>"; };
		57130C9A1B1E87BC0047AF45 /* Time.swift */ = {isa = PBXFileReference; fileEncoding = 4; lastKnownFileType = sourcecode.swift; name = Time.swift; path = Utilities/Time.swift; sourceTree = "<group>"; };
		57130CA11B1E87DA0047AF45 /* Accumulate.swift */ = {isa = PBXFileReference; fileEncoding = 4; lastKnownFileType = sourcecode.swift; name = Accumulate.swift; path = Operators/Accumulate.swift; sourceTree = "<group>"; };
		57130CA21B1E87DA0047AF45 /* Input.swift */ = {isa = PBXFileReference; fileEncoding = 4; lastKnownFileType = sourcecode.swift; name = Input.swift; path = Operators/Input.swift; sourceTree = "<group>"; };
		57130CA31B1E87DA0047AF45 /* Lift.swift */ = {isa = PBXFileReference; fileEncoding = 4; lastKnownFileType = sourcecode.swift; name = Lift.swift; path = Operators/Lift.swift; sourceTree = "<group>"; };
		57130CA41B1E87DA0047AF45 /* Merge.swift */ = {isa = PBXFileReference; fileEncoding = 4; lastKnownFileType = sourcecode.swift; name = Merge.swift; path = Operators/Merge.swift; sourceTree = "<group>"; };
		57130CA51B1E87DA0047AF45 /* Output.swift */ = {isa = PBXFileReference; fileEncoding = 4; lastKnownFileType = sourcecode.swift; name = Output.swift; path = Operators/Output.swift; sourceTree = "<group>"; };
		57130CA61B1E87DA0047AF45 /* Snapshot.swift */ = {isa = PBXFileReference; fileEncoding = 4; lastKnownFileType = sourcecode.swift; name = Snapshot.swift; path = Operators/Snapshot.swift; sourceTree = "<group>"; };
		57130CAD1B1E8C920047AF45 /* Direct.swift */ = {isa = PBXFileReference; fileEncoding = 4; lastKnownFileType = sourcecode.swift; name = Direct.swift; path = Operators/Direct.swift; sourceTree = "<group>"; };
		57E9469A1B145D8E00B536BA /* Event.swift */ = {isa = PBXFileReference; fileEncoding = 4; lastKnownFileType = sourcecode.swift; path = Event.swift; sourceTree = "<group>"; };
		8BB3E6CA1AD6232A00E90CFF /* SimpleSwiftFRP.framework */ = {isa = PBXFileReference; explicitFileType = wrapper.framework; includeInIndex = 0; path = SimpleSwiftFRP.framework; sourceTree = BUILT_PRODUCTS_DIR; };
		8BB3E6CE1AD6232A00E90CFF /* Info.plist */ = {isa = PBXFileReference; lastKnownFileType = text.plist.xml; path = Info.plist; sourceTree = "<group>"; };
		8BB3E6CF1AD6232A00E90CFF /* SimpleSwiftFRP.h */ = {isa = PBXFileReference; lastKnownFileType = sourcecode.c.h; path = SimpleSwiftFRP.h; sourceTree = "<group>"; };
		8BB3E6D51AD6232B00E90CFF /* SimpleSwiftFRPTests.xctest */ = {isa = PBXFileReference; explicitFileType = wrapper.cfbundle; includeInIndex = 0; path = SimpleSwiftFRPTests.xctest; sourceTree = BUILT_PRODUCTS_DIR; };
		8BB3E6DB1AD6232B00E90CFF /* Info.plist */ = {isa = PBXFileReference; lastKnownFileType = text.plist.xml; path = Info.plist; sourceTree = "<group>"; };
		8BB3E6DC1AD6232B00E90CFF /* SimpleSwiftFRPTests.swift */ = {isa = PBXFileReference; lastKnownFileType = sourcecode.swift; path = SimpleSwiftFRPTests.swift; sourceTree = "<group>"; };
		8BB3E6E61AD6237300E90CFF /* Behavior.swift */ = {isa = PBXFileReference; fileEncoding = 4; lastKnownFileType = sourcecode.swift; path = Behavior.swift; sourceTree = "<group>"; };
		8BB3E6EA1AD6237300E90CFF /* Outlet.swift */ = {isa = PBXFileReference; fileEncoding = 4; lastKnownFileType = sourcecode.swift; path = Outlet.swift; sourceTree = "<group>"; };
		8BB3E6ED1AD6237300E90CFF /* Source.swift */ = {isa = PBXFileReference; fileEncoding = 4; lastKnownFileType = sourcecode.swift; path = Source.swift; sourceTree = "<group>"; };
/* End PBXFileReference section */

/* Begin PBXFrameworksBuildPhase section */
		8BB3E6C61AD6232A00E90CFF /* Frameworks */ = {
			isa = PBXFrameworksBuildPhase;
			buildActionMask = 2147483647;
			files = (
			);
			runOnlyForDeploymentPostprocessing = 0;
		};
		8BB3E6D21AD6232B00E90CFF /* Frameworks */ = {
			isa = PBXFrameworksBuildPhase;
			buildActionMask = 2147483647;
			files = (
				8BB3E6D61AD6232B00E90CFF /* SimpleSwiftFRP.framework in Frameworks */,
			);
			runOnlyForDeploymentPostprocessing = 0;
		};
/* End PBXFrameworksBuildPhase section */

/* Begin PBXGroup section */
		57B6CDB61B1A3BC200639217 /* Utilities */ = {
			isa = PBXGroup;
			children = (
				57130C961B1E87BC0047AF45 /* Globals.swift */,
				57130C971B1E87BC0047AF45 /* ObserverSet.swift */,
				57130C981B1E87BC0047AF45 /* Protocols.swift */,
				57130C991B1E87BC0047AF45 /* Send.swift */,
				57130C9A1B1E87BC0047AF45 /* Time.swift */,
			);
			name = Utilities;
			sourceTree = "<group>";
		};
		57B6CDB71B1A3BE000639217 /* Operators */ = {
			isa = PBXGroup;
			children = (
				57130CA11B1E87DA0047AF45 /* Accumulate.swift */,
				57130CAD1B1E8C920047AF45 /* Direct.swift */,
				57130CA21B1E87DA0047AF45 /* Input.swift */,
				57130CA31B1E87DA0047AF45 /* Lift.swift */,
				57130CA41B1E87DA0047AF45 /* Merge.swift */,
				57130CA51B1E87DA0047AF45 /* Output.swift */,
				57130CA61B1E87DA0047AF45 /* Snapshot.swift */,
			);
			name = Operators;
			sourceTree = "<group>";
		};
		8BB3E6C01AD6232A00E90CFF = {
			isa = PBXGroup;
			children = (
				8BB3E6CC1AD6232A00E90CFF /* SimpleSwiftFRP */,
				8BB3E6D91AD6232B00E90CFF /* SimpleSwiftFRPTests */,
				8BB3E6CB1AD6232A00E90CFF /* Products */,
			);
			sourceTree = "<group>";
		};
		8BB3E6CB1AD6232A00E90CFF /* Products */ = {
			isa = PBXGroup;
			children = (
				8BB3E6CA1AD6232A00E90CFF /* SimpleSwiftFRP.framework */,
				8BB3E6D51AD6232B00E90CFF /* SimpleSwiftFRPTests.xctest */,
			);
			name = Products;
			sourceTree = "<group>";
		};
		8BB3E6CC1AD6232A00E90CFF /* SimpleSwiftFRP */ = {
			isa = PBXGroup;
			children = (
				8BB3E6ED1AD6237300E90CFF /* Source.swift */,
				8BB3E6E61AD6237300E90CFF /* Behavior.swift */,
				8BB3E6EA1AD6237300E90CFF /* Outlet.swift */,
				57E9469A1B145D8E00B536BA /* Event.swift */,
				57B6CDB61B1A3BC200639217 /* Utilities */,
				57B6CDB71B1A3BE000639217 /* Operators */,
				8BB3E6CF1AD6232A00E90CFF /* SimpleSwiftFRP.h */,
				8BB3E6CD1AD6232A00E90CFF /* Supporting Files */,
			);
			path = SimpleSwiftFRP;
			sourceTree = "<group>";
		};
		8BB3E6CD1AD6232A00E90CFF /* Supporting Files */ = {
			isa = PBXGroup;
			children = (
				8BB3E6CE1AD6232A00E90CFF /* Info.plist */,
			);
			name = "Supporting Files";
			sourceTree = "<group>";
		};
		8BB3E6D91AD6232B00E90CFF /* SimpleSwiftFRPTests */ = {
			isa = PBXGroup;
			children = (
				8BB3E6DC1AD6232B00E90CFF /* SimpleSwiftFRPTests.swift */,
				8BB3E6DA1AD6232B00E90CFF /* Supporting Files */,
			);
			path = SimpleSwiftFRPTests;
			sourceTree = "<group>";
		};
		8BB3E6DA1AD6232B00E90CFF /* Supporting Files */ = {
			isa = PBXGroup;
			children = (
				8BB3E6DB1AD6232B00E90CFF /* Info.plist */,
			);
			name = "Supporting Files";
			sourceTree = "<group>";
		};
/* End PBXGroup section */

/* Begin PBXHeadersBuildPhase section */
		8BB3E6C71AD6232A00E90CFF /* Headers */ = {
			isa = PBXHeadersBuildPhase;
			buildActionMask = 2147483647;
			files = (
				8BB3E6D01AD6232A00E90CFF /* SimpleSwiftFRP.h in Headers */,
			);
			runOnlyForDeploymentPostprocessing = 0;
		};
/* End PBXHeadersBuildPhase section */

/* Begin PBXNativeTarget section */
		8BB3E6C91AD6232A00E90CFF /* SimpleSwiftFRP */ = {
			isa = PBXNativeTarget;
			buildConfigurationList = 8BB3E6E01AD6232B00E90CFF /* Build configuration list for PBXNativeTarget "SimpleSwiftFRP" */;
			buildPhases = (
				8BB3E6C51AD6232A00E90CFF /* Sources */,
				8BB3E6C61AD6232A00E90CFF /* Frameworks */,
				8BB3E6C71AD6232A00E90CFF /* Headers */,
				8BB3E6C81AD6232A00E90CFF /* Resources */,
			);
			buildRules = (
			);
			dependencies = (
			);
			name = SimpleSwiftFRP;
			productName = SimpleSwiftFRP;
			productReference = 8BB3E6CA1AD6232A00E90CFF /* SimpleSwiftFRP.framework */;
			productType = "com.apple.product-type.framework";
		};
		8BB3E6D41AD6232B00E90CFF /* SimpleSwiftFRPTests */ = {
			isa = PBXNativeTarget;
			buildConfigurationList = 8BB3E6E31AD6232B00E90CFF /* Build configuration list for PBXNativeTarget "SimpleSwiftFRPTests" */;
			buildPhases = (
				8BB3E6D11AD6232B00E90CFF /* Sources */,
				8BB3E6D21AD6232B00E90CFF /* Frameworks */,
				8BB3E6D31AD6232B00E90CFF /* Resources */,
			);
			buildRules = (
			);
			dependencies = (
				8BB3E6D81AD6232B00E90CFF /* PBXTargetDependency */,
			);
			name = SimpleSwiftFRPTests;
			productName = SimpleSwiftFRPTests;
			productReference = 8BB3E6D51AD6232B00E90CFF /* SimpleSwiftFRPTests.xctest */;
			productType = "com.apple.product-type.bundle.unit-test";
		};
/* End PBXNativeTarget section */

/* Begin PBXProject section */
		8BB3E6C11AD6232A00E90CFF /* Project object */ = {
			isa = PBXProject;
			attributes = {
				LastSwiftUpdateCheck = 0700;
				LastUpgradeCheck = 0630;
				ORGANIZATIONNAME = letvargo;
				TargetAttributes = {
					8BB3E6C91AD6232A00E90CFF = {
						CreatedOnToolsVersion = 6.3;
					};
					8BB3E6D41AD6232B00E90CFF = {
						CreatedOnToolsVersion = 6.3;
					};
				};
			};
			buildConfigurationList = 8BB3E6C41AD6232A00E90CFF /* Build configuration list for PBXProject "SimpleSwiftFRP" */;
			compatibilityVersion = "Xcode 3.2";
			developmentRegion = English;
			hasScannedForEncodings = 0;
			knownRegions = (
				en,
			);
			mainGroup = 8BB3E6C01AD6232A00E90CFF;
			productRefGroup = 8BB3E6CB1AD6232A00E90CFF /* Products */;
			projectDirPath = "";
			projectRoot = "";
			targets = (
				8BB3E6C91AD6232A00E90CFF /* SimpleSwiftFRP */,
				8BB3E6D41AD6232B00E90CFF /* SimpleSwiftFRPTests */,
			);
		};
/* End PBXProject section */

/* Begin PBXResourcesBuildPhase section */
		8BB3E6C81AD6232A00E90CFF /* Resources */ = {
			isa = PBXResourcesBuildPhase;
			buildActionMask = 2147483647;
			files = (
			);
			runOnlyForDeploymentPostprocessing = 0;
		};
		8BB3E6D31AD6232B00E90CFF /* Resources */ = {
			isa = PBXResourcesBuildPhase;
			buildActionMask = 2147483647;
			files = (
			);
			runOnlyForDeploymentPostprocessing = 0;
		};
/* End PBXResourcesBuildPhase section */

/* Begin PBXSourcesBuildPhase section */
		8BB3E6C51AD6232A00E90CFF /* Sources */ = {
			isa = PBXSourcesBuildPhase;
			buildActionMask = 2147483647;
			files = (
				57130CA01B1E87BC0047AF45 /* Time.swift in Sources */,
				57130CA81B1E87DA0047AF45 /* Input.swift in Sources */,
				57130CA71B1E87DA0047AF45 /* Accumulate.swift in Sources */,
				8BB3E6F61AD6237300E90CFF /* Source.swift in Sources */,
				57130C9F1B1E87BC0047AF45 /* Send.swift in Sources */,
				57130C9C1B1E87BC0047AF45 /* Globals.swift in Sources */,
				57130CA91B1E87DA0047AF45 /* Lift.swift in Sources */,
				57E9469B1B145D8E00B536BA /* Event.swift in Sources */,
				57130CAC1B1E87DA0047AF45 /* Snapshot.swift in Sources */,
				57130C9D1B1E87BC0047AF45 /* ObserverSet.swift in Sources */,
				57130CAB1B1E87DA0047AF45 /* Output.swift in Sources */,
				57130CAE1B1E8C920047AF45 /* Direct.swift in Sources */,
				57130CAA1B1E87DA0047AF45 /* Merge.swift in Sources */,
				57130C9E1B1E87BC0047AF45 /* Protocols.swift in Sources */,
				8BB3E6F31AD6237300E90CFF /* Outlet.swift in Sources */,
				8BB3E6EF1AD6237300E90CFF /* Behavior.swift in Sources */,
			);
			runOnlyForDeploymentPostprocessing = 0;
		};
		8BB3E6D11AD6232B00E90CFF /* Sources */ = {
			isa = PBXSourcesBuildPhase;
			buildActionMask = 2147483647;
			files = (
				8BB3E6DD1AD6232B00E90CFF /* SimpleSwiftFRPTests.swift in Sources */,
			);
			runOnlyForDeploymentPostprocessing = 0;
		};
/* End PBXSourcesBuildPhase section */

/* Begin PBXTargetDependency section */
		8BB3E6D81AD6232B00E90CFF /* PBXTargetDependency */ = {
			isa = PBXTargetDependency;
			target = 8BB3E6C91AD6232A00E90CFF /* SimpleSwiftFRP */;
			targetProxy = 8BB3E6D71AD6232B00E90CFF /* PBXContainerItemProxy */;
		};
/* End PBXTargetDependency section */

/* Begin XCBuildConfiguration section */
		8BB3E6DE1AD6232B00E90CFF /* Debug */ = {
			isa = XCBuildConfiguration;
			buildSettings = {
				ALWAYS_SEARCH_USER_PATHS = NO;
				CLANG_CXX_LANGUAGE_STANDARD = "gnu++0x";
				CLANG_CXX_LIBRARY = "libc++";
				CLANG_ENABLE_MODULES = YES;
				CLANG_ENABLE_OBJC_ARC = YES;
				CLANG_WARN_BOOL_CONVERSION = YES;
				CLANG_WARN_CONSTANT_CONVERSION = YES;
				CLANG_WARN_DIRECT_OBJC_ISA_USAGE = YES_ERROR;
				CLANG_WARN_EMPTY_BODY = YES;
				CLANG_WARN_ENUM_CONVERSION = YES;
				CLANG_WARN_INT_CONVERSION = YES;
				CLANG_WARN_OBJC_ROOT_CLASS = YES_ERROR;
				CLANG_WARN_UNREACHABLE_CODE = YES;
				CLANG_WARN__DUPLICATE_METHOD_MATCH = YES;
				COPY_PHASE_STRIP = NO;
				CURRENT_PROJECT_VERSION = 1;
				DEBUG_INFORMATION_FORMAT = dwarf;
				ENABLE_STRICT_OBJC_MSGSEND = YES;
				GCC_C_LANGUAGE_STANDARD = gnu99;
				GCC_DYNAMIC_NO_PIC = NO;
				GCC_NO_COMMON_BLOCKS = YES;
				GCC_OPTIMIZATION_LEVEL = 0;
				GCC_PREPROCESSOR_DEFINITIONS = (
					"DEBUG=1",
					"$(inherited)",
				);
				GCC_SYMBOLS_PRIVATE_EXTERN = NO;
				GCC_WARN_64_TO_32_BIT_CONVERSION = YES;
				GCC_WARN_ABOUT_RETURN_TYPE = YES_ERROR;
				GCC_WARN_UNDECLARED_SELECTOR = YES;
				GCC_WARN_UNINITIALIZED_AUTOS = YES_AGGRESSIVE;
				GCC_WARN_UNUSED_FUNCTION = YES;
				GCC_WARN_UNUSED_VARIABLE = YES;
				MACOSX_DEPLOYMENT_TARGET = 10.10;
				MTL_ENABLE_DEBUG_INFO = YES;
				ONLY_ACTIVE_ARCH = YES;
				SDKROOT = macosx;
				SWIFT_OPTIMIZATION_LEVEL = "-Onone";
				VERSIONING_SYSTEM = "apple-generic";
				VERSION_INFO_PREFIX = "";
			};
			name = Debug;
		};
		8BB3E6DF1AD6232B00E90CFF /* Release */ = {
			isa = XCBuildConfiguration;
			buildSettings = {
				ALWAYS_SEARCH_USER_PATHS = NO;
				CLANG_CXX_LANGUAGE_STANDARD = "gnu++0x";
				CLANG_CXX_LIBRARY = "libc++";
				CLANG_ENABLE_MODULES = YES;
				CLANG_ENABLE_OBJC_ARC = YES;
				CLANG_WARN_BOOL_CONVERSION = YES;
				CLANG_WARN_CONSTANT_CONVERSION = YES;
				CLANG_WARN_DIRECT_OBJC_ISA_USAGE = YES_ERROR;
				CLANG_WARN_EMPTY_BODY = YES;
				CLANG_WARN_ENUM_CONVERSION = YES;
				CLANG_WARN_INT_CONVERSION = YES;
				CLANG_WARN_OBJC_ROOT_CLASS = YES_ERROR;
				CLANG_WARN_UNREACHABLE_CODE = YES;
				CLANG_WARN__DUPLICATE_METHOD_MATCH = YES;
				COPY_PHASE_STRIP = NO;
				CURRENT_PROJECT_VERSION = 1;
				DEBUG_INFORMATION_FORMAT = "dwarf-with-dsym";
				ENABLE_NS_ASSERTIONS = NO;
				ENABLE_STRICT_OBJC_MSGSEND = YES;
				GCC_C_LANGUAGE_STANDARD = gnu99;
				GCC_NO_COMMON_BLOCKS = YES;
				GCC_WARN_64_TO_32_BIT_CONVERSION = YES;
				GCC_WARN_ABOUT_RETURN_TYPE = YES_ERROR;
				GCC_WARN_UNDECLARED_SELECTOR = YES;
				GCC_WARN_UNINITIALIZED_AUTOS = YES_AGGRESSIVE;
				GCC_WARN_UNUSED_FUNCTION = YES;
				GCC_WARN_UNUSED_VARIABLE = YES;
				MACOSX_DEPLOYMENT_TARGET = 10.10;
				MTL_ENABLE_DEBUG_INFO = NO;
				SDKROOT = macosx;
				VERSIONING_SYSTEM = "apple-generic";
				VERSION_INFO_PREFIX = "";
			};
			name = Release;
		};
		8BB3E6E11AD6232B00E90CFF /* Debug */ = {
			isa = XCBuildConfiguration;
			buildSettings = {
				COMBINE_HIDPI_IMAGES = YES;
				DEFINES_MODULE = YES;
				DYLIB_COMPATIBILITY_VERSION = 1;
				DYLIB_CURRENT_VERSION = 1;
				DYLIB_INSTALL_NAME_BASE = "@rpath";
				FRAMEWORK_VERSION = A;
				INFOPLIST_FILE = SimpleSwiftFRP/Info.plist;
				INSTALL_PATH = "$(LOCAL_LIBRARY_DIR)/Frameworks";
				LD_RUNPATH_SEARCH_PATHS = "$(inherited) @executable_path/../Frameworks @loader_path/Frameworks";
				PRODUCT_NAME = "$(TARGET_NAME)";
				SKIP_INSTALL = YES;
			};
			name = Debug;
		};
		8BB3E6E21AD6232B00E90CFF /* Release */ = {
			isa = XCBuildConfiguration;
			buildSettings = {
				COMBINE_HIDPI_IMAGES = YES;
				DEFINES_MODULE = YES;
				DYLIB_COMPATIBILITY_VERSION = 1;
				DYLIB_CURRENT_VERSION = 1;
				DYLIB_INSTALL_NAME_BASE = "@rpath";
				FRAMEWORK_VERSION = A;
				INFOPLIST_FILE = SimpleSwiftFRP/Info.plist;
				INSTALL_PATH = "$(LOCAL_LIBRARY_DIR)/Frameworks";
				LD_RUNPATH_SEARCH_PATHS = "$(inherited) @executable_path/../Frameworks @loader_path/Frameworks";
				PRODUCT_NAME = "$(TARGET_NAME)";
				SKIP_INSTALL = YES;
			};
			name = Release;
		};
		8BB3E6E41AD6232B00E90CFF /* Debug */ = {
			isa = XCBuildConfiguration;
			buildSettings = {
				COMBINE_HIDPI_IMAGES = YES;
				FRAMEWORK_SEARCH_PATHS = (
					"$(DEVELOPER_FRAMEWORKS_DIR)",
					"$(inherited)",
				);
				GCC_PREPROCESSOR_DEFINITIONS = (
					"DEBUG=1",
					"$(inherited)",
				);
				INFOPLIST_FILE = SimpleSwiftFRPTests/Info.plist;
				LD_RUNPATH_SEARCH_PATHS = "$(inherited) @executable_path/../Frameworks @loader_path/../Frameworks";
				PRODUCT_NAME = "$(TARGET_NAME)";
			};
			name = Debug;
		};
		8BB3E6E51AD6232B00E90CFF /* Release */ = {
			isa = XCBuildConfiguration;
			buildSettings = {
				COMBINE_HIDPI_IMAGES = YES;
				FRAMEWORK_SEARCH_PATHS = (
					"$(DEVELOPER_FRAMEWORKS_DIR)",
					"$(inherited)",
				);
				INFOPLIST_FILE = SimpleSwiftFRPTests/Info.plist;
				LD_RUNPATH_SEARCH_PATHS = "$(inherited) @executable_path/../Frameworks @loader_path/../Frameworks";
				PRODUCT_NAME = "$(TARGET_NAME)";
			};
			name = Release;
		};
/* End XCBuildConfiguration section */

/* Begin XCConfigurationList section */
		8BB3E6C41AD6232A00E90CFF /* Build configuration list for PBXProject "SimpleSwiftFRP" */ = {
			isa = XCConfigurationList;
			buildConfigurations = (
				8BB3E6DE1AD6232B00E90CFF /* Debug */,
				8BB3E6DF1AD6232B00E90CFF /* Release */,
			);
			defaultConfigurationIsVisible = 0;
			defaultConfigurationName = Release;
		};
		8BB3E6E01AD6232B00E90CFF /* Build configuration list for PBXNativeTarget "SimpleSwiftFRP" */ = {
			isa = XCConfigurationList;
			buildConfigurations = (
				8BB3E6E11AD6232B00E90CFF /* Debug */,
				8BB3E6E21AD6232B00E90CFF /* Release */,
			);
			defaultConfigurationIsVisible = 0;
			defaultConfigurationName = Release;
		};
		8BB3E6E31AD6232B00E90CFF /* Build configuration list for PBXNativeTarget "SimpleSwiftFRPTests" */ = {
			isa = XCConfigurationList;
			buildConfigurations = (
				8BB3E6E41AD6232B00E90CFF /* Debug */,
				8BB3E6E51AD6232B00E90CFF /* Release */,
			);
			defaultConfigurationIsVisible = 0;
			defaultConfigurationName = Release;
		};
/* End XCConfigurationList section */
	};
	rootObject = 8BB3E6C11AD6232A00E90CFF /* Project object */;
}
